// !$*UTF8*$!
{
	archiveVersion = 1;
	classes = {
	};
	objectVersion = 46;
	objects = {

/* Begin PBXBuildFile section */
		00E356F31AD99517003FC87E /* HostessTests.m in Sources */ = {isa = PBXBuildFile; fileRef = 00E356F21AD99517003FC87E /* HostessTests.m */; };
		0335EEA3DAB5402AAE3D5477 /* Poppins-ThinItalic.ttf in Resources */ = {isa = PBXBuildFile; fileRef = 5C5A8FD01AEC4EEAB691B9A4 /* Poppins-ThinItalic.ttf */; };
		0E6845C32C5C4A5FBFC3E114 /* Poppins-Regular.ttf in Resources */ = {isa = PBXBuildFile; fileRef = A87C95771A6D4E82A9959BFB /* Poppins-Regular.ttf */; };
		1119B78C9C46485D94121BB3 /* Poppins-Black.ttf in Resources */ = {isa = PBXBuildFile; fileRef = BC0FB853B8EA400189FD2D3F /* Poppins-Black.ttf */; };
		13B07FBC1A68108700A75B9A /* AppDelegate.m in Sources */ = {isa = PBXBuildFile; fileRef = 13B07FB01A68108700A75B9A /* AppDelegate.m */; };
		13B07FBF1A68108700A75B9A /* Images.xcassets in Resources */ = {isa = PBXBuildFile; fileRef = 13B07FB51A68108700A75B9A /* Images.xcassets */; };
		13B07FC11A68108700A75B9A /* main.m in Sources */ = {isa = PBXBuildFile; fileRef = 13B07FB71A68108700A75B9A /* main.m */; };
		17A790F5ED1D4DA39653EB21 /* Poppins-ExtraLightItalic.ttf in Resources */ = {isa = PBXBuildFile; fileRef = E07FD79C1B9A4C2E97B51754 /* Poppins-ExtraLightItalic.ttf */; };
		19A3250A24C84BB38395EECA /* Poppins-SemiBold.ttf in Resources */ = {isa = PBXBuildFile; fileRef = BBAD2515DFFB4CC2B0981C14 /* Poppins-SemiBold.ttf */; };
		2D02E4BC1E0B4A80006451C7 /* AppDelegate.m in Sources */ = {isa = PBXBuildFile; fileRef = 13B07FB01A68108700A75B9A /* AppDelegate.m */; };
		2D02E4BD1E0B4A84006451C7 /* Images.xcassets in Resources */ = {isa = PBXBuildFile; fileRef = 13B07FB51A68108700A75B9A /* Images.xcassets */; };
		2D02E4BF1E0B4AB3006451C7 /* main.m in Sources */ = {isa = PBXBuildFile; fileRef = 13B07FB71A68108700A75B9A /* main.m */; };
		2DCD954D1E0B4F2C00145EB5 /* HostessTests.m in Sources */ = {isa = PBXBuildFile; fileRef = 00E356F21AD99517003FC87E /* HostessTests.m */; };
		539A1429B52340198655092F /* Poppins-LightItalic.ttf in Resources */ = {isa = PBXBuildFile; fileRef = 8A2D483A89D648D2B70FECCA /* Poppins-LightItalic.ttf */; };
		546E633457C9BC51986CD4AE /* libPods-Hostess-tvOS.a in Frameworks */ = {isa = PBXBuildFile; fileRef = 61A1E1993E46CD7FC20C4173 /* libPods-Hostess-tvOS.a */; };
		688AF9FD325840AAA54AC0D1 /* Poppins-Bold.ttf in Resources */ = {isa = PBXBuildFile; fileRef = 3262E8B0A3714993A5613BC0 /* Poppins-Bold.ttf */; };
		69836E2338018B708817F3A1 /* libPods-Hostess-tvOSTests.a in Frameworks */ = {isa = PBXBuildFile; fileRef = 61CF4533498B95A980C12D04 /* libPods-Hostess-tvOSTests.a */; };
		755B0FFD88DB4712AC2A65D2 /* Poppins-SemiBoldItalic.ttf in Resources */ = {isa = PBXBuildFile; fileRef = 47CEBFADFD774445B73C3329 /* Poppins-SemiBoldItalic.ttf */; };
		81AB9BB82411601600AC10FF /* LaunchScreen.storyboard in Resources */ = {isa = PBXBuildFile; fileRef = 81AB9BB72411601600AC10FF /* LaunchScreen.storyboard */; };
		9C4D85BB0F4B4A5580F886BC /* Poppins-Medium.ttf in Resources */ = {isa = PBXBuildFile; fileRef = 6FC5E760BAEE4F7CB6D567E0 /* Poppins-Medium.ttf */; };
		9D2E7169558F4F5BAD913414 /* Poppins-MediumItalic.ttf in Resources */ = {isa = PBXBuildFile; fileRef = 0B25A7FCB10941BDAC1C8508 /* Poppins-MediumItalic.ttf */; };
		9E413D29D9BBB4BA93B53269 /* libPods-Hostess.a in Frameworks */ = {isa = PBXBuildFile; fileRef = 84FF90C6BCAD72F10477B577 /* libPods-Hostess.a */; };
		B25C7751D6274446839BA97E /* Poppins-ExtraBoldItalic.ttf in Resources */ = {isa = PBXBuildFile; fileRef = 4D8C813C05F5443CB9670A20 /* Poppins-ExtraBoldItalic.ttf */; };
		B87A9C331000423F89916DB1 /* Poppins-ExtraBold.ttf in Resources */ = {isa = PBXBuildFile; fileRef = C6C24BC02BB448BA86740D92 /* Poppins-ExtraBold.ttf */; };
		C5B4FB44732C130E4F37C7E7 /* libPods-Hostess-HostessTests.a in Frameworks */ = {isa = PBXBuildFile; fileRef = 0A0DCBD34557444767A4D73E /* libPods-Hostess-HostessTests.a */; };
		D287D34894314EAEA41C3E83 /* Poppins-BoldItalic.ttf in Resources */ = {isa = PBXBuildFile; fileRef = 539C55688A744DA7BE33035B /* Poppins-BoldItalic.ttf */; };
		D3D41B34F03F4C24A053A675 /* Poppins-ExtraLight.ttf in Resources */ = {isa = PBXBuildFile; fileRef = E431FF3ACABD444E8203FD85 /* Poppins-ExtraLight.ttf */; };
		D3F98011380A4965A6E9CB19 /* Poppins-Light.ttf in Resources */ = {isa = PBXBuildFile; fileRef = 04637FC7682A4DDE83A28024 /* Poppins-Light.ttf */; };
		DD097CE9CD3945F199CB637F /* Poppins-Italic.ttf in Resources */ = {isa = PBXBuildFile; fileRef = BE293FF4E5F240FA909E55EF /* Poppins-Italic.ttf */; };
		F6C6F685E5574D03A810C83C /* Poppins-Thin.ttf in Resources */ = {isa = PBXBuildFile; fileRef = 03F1D7447312447A87140F83 /* Poppins-Thin.ttf */; };
		F98B033E827B494FB486AEE8 /* Poppins-BlackItalic.ttf in Resources */ = {isa = PBXBuildFile; fileRef = 0FF0B99F94274B9FB277DFC7 /* Poppins-BlackItalic.ttf */; };
		72D78D6A959642708C68868A /* AntDesign.ttf in Resources */ = {isa = PBXBuildFile; fileRef = 6EFBE5D4A2AF4C7DA9C088B2 /* AntDesign.ttf */; };
		CC9BD1ECD2634237917A5362 /* Entypo.ttf in Resources */ = {isa = PBXBuildFile; fileRef = 823FC0A28B6F4B53AABB6838 /* Entypo.ttf */; };
		D4EDC73D5B57499B980E9F1E /* EvilIcons.ttf in Resources */ = {isa = PBXBuildFile; fileRef = 982E7A1DF77247CD99296E9C /* EvilIcons.ttf */; };
		6CEA1357643E450EBBB0617A /* Feather.ttf in Resources */ = {isa = PBXBuildFile; fileRef = 9044C3D02B19416DBFEEF1D8 /* Feather.ttf */; };
		2301E064B4224796BC00FA0F /* FontAwesome.ttf in Resources */ = {isa = PBXBuildFile; fileRef = 9E134993B3C8407EA169079A /* FontAwesome.ttf */; };
		DDAC33F5EEB646EA9D4C5314 /* FontAwesome5_Brands.ttf in Resources */ = {isa = PBXBuildFile; fileRef = 7FD4F0207D544B3AAA37976F /* FontAwesome5_Brands.ttf */; };
		0572E3D910C04EEDB3E19FFB /* FontAwesome5_Regular.ttf in Resources */ = {isa = PBXBuildFile; fileRef = B6167B6C91474B29B1489BB9 /* FontAwesome5_Regular.ttf */; };
		100B5216182F4E19846AD1C7 /* FontAwesome5_Solid.ttf in Resources */ = {isa = PBXBuildFile; fileRef = E420A2C282B2422BB89E0109 /* FontAwesome5_Solid.ttf */; };
		7DDAD0AF7BDB44E182D256C4 /* Fontisto.ttf in Resources */ = {isa = PBXBuildFile; fileRef = BC7C477908D44EFF8D66F69E /* Fontisto.ttf */; };
		13DF09AA374B4B3EAF8DF630 /* Foundation.ttf in Resources */ = {isa = PBXBuildFile; fileRef = D28EBF68E1734B4BBAE88270 /* Foundation.ttf */; };
		B72DFA32CD40426EA760E6D4 /* Ionicons.ttf in Resources */ = {isa = PBXBuildFile; fileRef = CDB25163835A47C4810F315E /* Ionicons.ttf */; };
		C0E4AB117DB247D3B714382F /* MaterialCommunityIcons.ttf in Resources */ = {isa = PBXBuildFile; fileRef = 467DF756290847499C2C5686 /* MaterialCommunityIcons.ttf */; };
		0BF0481BD0654522A1E2B6E8 /* MaterialIcons.ttf in Resources */ = {isa = PBXBuildFile; fileRef = 69E85652E8E0410BAFFA7373 /* MaterialIcons.ttf */; };
		98CBF37656964D3FAB29721D /* Octicons.ttf in Resources */ = {isa = PBXBuildFile; fileRef = 659B4A0008D545B3A727F7E8 /* Octicons.ttf */; };
		C0E41E0CAB764F8EABA40FDB /* Roboto_medium.ttf in Resources */ = {isa = PBXBuildFile; fileRef = 3E6E99A92E994B69A9BBB1E0 /* Roboto_medium.ttf */; };
		77267CE974D44C30BB91C43B /* Roboto.ttf in Resources */ = {isa = PBXBuildFile; fileRef = CE7C0D378C3447B9A2A6B0F1 /* Roboto.ttf */; };
		3C49AE978DC74D70946439EB /* rubicon-icon-font.ttf in Resources */ = {isa = PBXBuildFile; fileRef = B6CEC857DC094F99BFCC5C75 /* rubicon-icon-font.ttf */; };
		BFBBD0112E22452E863CFC2B /* SimpleLineIcons.ttf in Resources */ = {isa = PBXBuildFile; fileRef = 414E8CE394A34C8AB56FB8C8 /* SimpleLineIcons.ttf */; };
		B303825F6F4B4C069A212BF3 /* Zocial.ttf in Resources */ = {isa = PBXBuildFile; fileRef = 8DA29FBEB65248B9ACDC26D2 /* Zocial.ttf */; };
/* End PBXBuildFile section */

/* Begin PBXContainerItemProxy section */
		00E356F41AD99517003FC87E /* PBXContainerItemProxy */ = {
			isa = PBXContainerItemProxy;
			containerPortal = 83CBB9F71A601CBA00E9B192 /* Project object */;
			proxyType = 1;
			remoteGlobalIDString = 13B07F861A680F5B00A75B9A;
			remoteInfo = Hostess;
		};
		2D02E4911E0B4A5D006451C7 /* PBXContainerItemProxy */ = {
			isa = PBXContainerItemProxy;
			containerPortal = 83CBB9F71A601CBA00E9B192 /* Project object */;
			proxyType = 1;
			remoteGlobalIDString = 2D02E47A1E0B4A5D006451C7;
			remoteInfo = "Hostess-tvOS";
		};
/* End PBXContainerItemProxy section */

/* Begin PBXFileReference section */
		008F07F21AC5B25A0029DE68 /* main.jsbundle */ = {isa = PBXFileReference; fileEncoding = 4; lastKnownFileType = text; path = main.jsbundle; sourceTree = "<group>"; };
		00E356EE1AD99517003FC87E /* HostessTests.xctest */ = {isa = PBXFileReference; explicitFileType = wrapper.cfbundle; includeInIndex = 0; path = HostessTests.xctest; sourceTree = BUILT_PRODUCTS_DIR; };
		00E356F11AD99517003FC87E /* Info.plist */ = {isa = PBXFileReference; lastKnownFileType = text.plist.xml; path = Info.plist; sourceTree = "<group>"; };
		00E356F21AD99517003FC87E /* HostessTests.m */ = {isa = PBXFileReference; lastKnownFileType = sourcecode.c.objc; path = HostessTests.m; sourceTree = "<group>"; };
		03F1D7447312447A87140F83 /* Poppins-Thin.ttf */ = {isa = PBXFileReference; explicitFileType = undefined; fileEncoding = undefined; includeInIndex = 0; lastKnownFileType = unknown; name = "Poppins-Thin.ttf"; path = "../app/assets/fonts/Poppins-Thin.ttf"; sourceTree = "<group>"; };
		04637FC7682A4DDE83A28024 /* Poppins-Light.ttf */ = {isa = PBXFileReference; explicitFileType = undefined; fileEncoding = undefined; includeInIndex = 0; lastKnownFileType = unknown; name = "Poppins-Light.ttf"; path = "../app/assets/fonts/Poppins-Light.ttf"; sourceTree = "<group>"; };
		0A0DCBD34557444767A4D73E /* libPods-Hostess-HostessTests.a */ = {isa = PBXFileReference; explicitFileType = archive.ar; includeInIndex = 0; path = "libPods-Hostess-HostessTests.a"; sourceTree = BUILT_PRODUCTS_DIR; };
		0B25A7FCB10941BDAC1C8508 /* Poppins-MediumItalic.ttf */ = {isa = PBXFileReference; explicitFileType = undefined; fileEncoding = undefined; includeInIndex = 0; lastKnownFileType = unknown; name = "Poppins-MediumItalic.ttf"; path = "../app/assets/fonts/Poppins-MediumItalic.ttf"; sourceTree = "<group>"; };
		0FF0B99F94274B9FB277DFC7 /* Poppins-BlackItalic.ttf */ = {isa = PBXFileReference; explicitFileType = undefined; fileEncoding = undefined; includeInIndex = 0; lastKnownFileType = unknown; name = "Poppins-BlackItalic.ttf"; path = "../app/assets/fonts/Poppins-BlackItalic.ttf"; sourceTree = "<group>"; };
		13B07F961A680F5B00A75B9A /* Hostess.app */ = {isa = PBXFileReference; explicitFileType = wrapper.application; includeInIndex = 0; path = Hostess.app; sourceTree = BUILT_PRODUCTS_DIR; };
		13B07FAF1A68108700A75B9A /* AppDelegate.h */ = {isa = PBXFileReference; fileEncoding = 4; lastKnownFileType = sourcecode.c.h; name = AppDelegate.h; path = Hostess/AppDelegate.h; sourceTree = "<group>"; };
		13B07FB01A68108700A75B9A /* AppDelegate.m */ = {isa = PBXFileReference; fileEncoding = 4; lastKnownFileType = sourcecode.c.objc; name = AppDelegate.m; path = Hostess/AppDelegate.m; sourceTree = "<group>"; };
		13B07FB51A68108700A75B9A /* Images.xcassets */ = {isa = PBXFileReference; lastKnownFileType = folder.assetcatalog; name = Images.xcassets; path = Hostess/Images.xcassets; sourceTree = "<group>"; };
		13B07FB61A68108700A75B9A /* Info.plist */ = {isa = PBXFileReference; fileEncoding = 4; lastKnownFileType = text.plist.xml; name = Info.plist; path = Hostess/Info.plist; sourceTree = "<group>"; };
		13B07FB71A68108700A75B9A /* main.m */ = {isa = PBXFileReference; fileEncoding = 4; lastKnownFileType = sourcecode.c.objc; name = main.m; path = Hostess/main.m; sourceTree = "<group>"; };
		155DAA6220F1C4E9C2E7FCB3 /* Pods-Hostess-HostessTests.release.xcconfig */ = {isa = PBXFileReference; includeInIndex = 1; lastKnownFileType = text.xcconfig; name = "Pods-Hostess-HostessTests.release.xcconfig"; path = "Target Support Files/Pods-Hostess-HostessTests/Pods-Hostess-HostessTests.release.xcconfig"; sourceTree = "<group>"; };
		2D02E47B1E0B4A5D006451C7 /* Hostess-tvOS.app */ = {isa = PBXFileReference; explicitFileType = wrapper.application; includeInIndex = 0; path = "Hostess-tvOS.app"; sourceTree = BUILT_PRODUCTS_DIR; };
		2D02E4901E0B4A5D006451C7 /* Hostess-tvOSTests.xctest */ = {isa = PBXFileReference; explicitFileType = wrapper.cfbundle; includeInIndex = 0; path = "Hostess-tvOSTests.xctest"; sourceTree = BUILT_PRODUCTS_DIR; };
		3170FD695B5FAFE16DD3B143 /* Pods-Hostess-tvOS.debug.xcconfig */ = {isa = PBXFileReference; includeInIndex = 1; lastKnownFileType = text.xcconfig; name = "Pods-Hostess-tvOS.debug.xcconfig"; path = "Target Support Files/Pods-Hostess-tvOS/Pods-Hostess-tvOS.debug.xcconfig"; sourceTree = "<group>"; };
		3262E8B0A3714993A5613BC0 /* Poppins-Bold.ttf */ = {isa = PBXFileReference; explicitFileType = undefined; fileEncoding = undefined; includeInIndex = 0; lastKnownFileType = unknown; name = "Poppins-Bold.ttf"; path = "../app/assets/fonts/Poppins-Bold.ttf"; sourceTree = "<group>"; };
		47CEBFADFD774445B73C3329 /* Poppins-SemiBoldItalic.ttf */ = {isa = PBXFileReference; explicitFileType = undefined; fileEncoding = undefined; includeInIndex = 0; lastKnownFileType = unknown; name = "Poppins-SemiBoldItalic.ttf"; path = "../app/assets/fonts/Poppins-SemiBoldItalic.ttf"; sourceTree = "<group>"; };
		4D8C813C05F5443CB9670A20 /* Poppins-ExtraBoldItalic.ttf */ = {isa = PBXFileReference; explicitFileType = undefined; fileEncoding = undefined; includeInIndex = 0; lastKnownFileType = unknown; name = "Poppins-ExtraBoldItalic.ttf"; path = "../app/assets/fonts/Poppins-ExtraBoldItalic.ttf"; sourceTree = "<group>"; };
		539C55688A744DA7BE33035B /* Poppins-BoldItalic.ttf */ = {isa = PBXFileReference; explicitFileType = undefined; fileEncoding = undefined; includeInIndex = 0; lastKnownFileType = unknown; name = "Poppins-BoldItalic.ttf"; path = "../app/assets/fonts/Poppins-BoldItalic.ttf"; sourceTree = "<group>"; };
		55E7C092835A442C5CB8E1AC /* Pods-Hostess-tvOS.release.xcconfig */ = {isa = PBXFileReference; includeInIndex = 1; lastKnownFileType = text.xcconfig; name = "Pods-Hostess-tvOS.release.xcconfig"; path = "Target Support Files/Pods-Hostess-tvOS/Pods-Hostess-tvOS.release.xcconfig"; sourceTree = "<group>"; };
		5C5A8FD01AEC4EEAB691B9A4 /* Poppins-ThinItalic.ttf */ = {isa = PBXFileReference; explicitFileType = undefined; fileEncoding = undefined; includeInIndex = 0; lastKnownFileType = unknown; name = "Poppins-ThinItalic.ttf"; path = "../app/assets/fonts/Poppins-ThinItalic.ttf"; sourceTree = "<group>"; };
		61A1E1993E46CD7FC20C4173 /* libPods-Hostess-tvOS.a */ = {isa = PBXFileReference; explicitFileType = archive.ar; includeInIndex = 0; path = "libPods-Hostess-tvOS.a"; sourceTree = BUILT_PRODUCTS_DIR; };
		61CF4533498B95A980C12D04 /* libPods-Hostess-tvOSTests.a */ = {isa = PBXFileReference; explicitFileType = archive.ar; includeInIndex = 0; path = "libPods-Hostess-tvOSTests.a"; sourceTree = BUILT_PRODUCTS_DIR; };
		6FC5E760BAEE4F7CB6D567E0 /* Poppins-Medium.ttf */ = {isa = PBXFileReference; explicitFileType = undefined; fileEncoding = undefined; includeInIndex = 0; lastKnownFileType = unknown; name = "Poppins-Medium.ttf"; path = "../app/assets/fonts/Poppins-Medium.ttf"; sourceTree = "<group>"; };
		7001091900EF194C4AD0641B /* Pods-Hostess.release.xcconfig */ = {isa = PBXFileReference; includeInIndex = 1; lastKnownFileType = text.xcconfig; name = "Pods-Hostess.release.xcconfig"; path = "Target Support Files/Pods-Hostess/Pods-Hostess.release.xcconfig"; sourceTree = "<group>"; };
		81AB9BB72411601600AC10FF /* LaunchScreen.storyboard */ = {isa = PBXFileReference; fileEncoding = 4; lastKnownFileType = file.storyboard; name = LaunchScreen.storyboard; path = Hostess/LaunchScreen.storyboard; sourceTree = "<group>"; };
		84FF90C6BCAD72F10477B577 /* libPods-Hostess.a */ = {isa = PBXFileReference; explicitFileType = archive.ar; includeInIndex = 0; path = "libPods-Hostess.a"; sourceTree = BUILT_PRODUCTS_DIR; };
		8704D56F537115B77AFB86FE /* Pods-Hostess-HostessTests.debug.xcconfig */ = {isa = PBXFileReference; includeInIndex = 1; lastKnownFileType = text.xcconfig; name = "Pods-Hostess-HostessTests.debug.xcconfig"; path = "Target Support Files/Pods-Hostess-HostessTests/Pods-Hostess-HostessTests.debug.xcconfig"; sourceTree = "<group>"; };
		8A2D483A89D648D2B70FECCA /* Poppins-LightItalic.ttf */ = {isa = PBXFileReference; explicitFileType = undefined; fileEncoding = undefined; includeInIndex = 0; lastKnownFileType = unknown; name = "Poppins-LightItalic.ttf"; path = "../app/assets/fonts/Poppins-LightItalic.ttf"; sourceTree = "<group>"; };
		A87C95771A6D4E82A9959BFB /* Poppins-Regular.ttf */ = {isa = PBXFileReference; explicitFileType = undefined; fileEncoding = undefined; includeInIndex = 0; lastKnownFileType = unknown; name = "Poppins-Regular.ttf"; path = "../app/assets/fonts/Poppins-Regular.ttf"; sourceTree = "<group>"; };
		BBAD2515DFFB4CC2B0981C14 /* Poppins-SemiBold.ttf */ = {isa = PBXFileReference; explicitFileType = undefined; fileEncoding = undefined; includeInIndex = 0; lastKnownFileType = unknown; name = "Poppins-SemiBold.ttf"; path = "../app/assets/fonts/Poppins-SemiBold.ttf"; sourceTree = "<group>"; };
		BC0FB853B8EA400189FD2D3F /* Poppins-Black.ttf */ = {isa = PBXFileReference; explicitFileType = undefined; fileEncoding = undefined; includeInIndex = 0; lastKnownFileType = unknown; name = "Poppins-Black.ttf"; path = "../app/assets/fonts/Poppins-Black.ttf"; sourceTree = "<group>"; };
		BE293FF4E5F240FA909E55EF /* Poppins-Italic.ttf */ = {isa = PBXFileReference; explicitFileType = undefined; fileEncoding = undefined; includeInIndex = 0; lastKnownFileType = unknown; name = "Poppins-Italic.ttf"; path = "../app/assets/fonts/Poppins-Italic.ttf"; sourceTree = "<group>"; };
		C32132DD8A78D6C95387B830 /* Pods-Hostess-tvOSTests.release.xcconfig */ = {isa = PBXFileReference; includeInIndex = 1; lastKnownFileType = text.xcconfig; name = "Pods-Hostess-tvOSTests.release.xcconfig"; path = "Target Support Files/Pods-Hostess-tvOSTests/Pods-Hostess-tvOSTests.release.xcconfig"; sourceTree = "<group>"; };
		C6C24BC02BB448BA86740D92 /* Poppins-ExtraBold.ttf */ = {isa = PBXFileReference; explicitFileType = undefined; fileEncoding = undefined; includeInIndex = 0; lastKnownFileType = unknown; name = "Poppins-ExtraBold.ttf"; path = "../app/assets/fonts/Poppins-ExtraBold.ttf"; sourceTree = "<group>"; };
		CEA49FF6F33B86A42088EB02 /* Pods-Hostess.debug.xcconfig */ = {isa = PBXFileReference; includeInIndex = 1; lastKnownFileType = text.xcconfig; name = "Pods-Hostess.debug.xcconfig"; path = "Target Support Files/Pods-Hostess/Pods-Hostess.debug.xcconfig"; sourceTree = "<group>"; };
		D7778FB32D8D498B022F5BC1 /* Pods-Hostess-tvOSTests.debug.xcconfig */ = {isa = PBXFileReference; includeInIndex = 1; lastKnownFileType = text.xcconfig; name = "Pods-Hostess-tvOSTests.debug.xcconfig"; path = "Target Support Files/Pods-Hostess-tvOSTests/Pods-Hostess-tvOSTests.debug.xcconfig"; sourceTree = "<group>"; };
		E07FD79C1B9A4C2E97B51754 /* Poppins-ExtraLightItalic.ttf */ = {isa = PBXFileReference; explicitFileType = undefined; fileEncoding = undefined; includeInIndex = 0; lastKnownFileType = unknown; name = "Poppins-ExtraLightItalic.ttf"; path = "../app/assets/fonts/Poppins-ExtraLightItalic.ttf"; sourceTree = "<group>"; };
		E431FF3ACABD444E8203FD85 /* Poppins-ExtraLight.ttf */ = {isa = PBXFileReference; explicitFileType = undefined; fileEncoding = undefined; includeInIndex = 0; lastKnownFileType = unknown; name = "Poppins-ExtraLight.ttf"; path = "../app/assets/fonts/Poppins-ExtraLight.ttf"; sourceTree = "<group>"; };
		ED297162215061F000B7C4FE /* JavaScriptCore.framework */ = {isa = PBXFileReference; lastKnownFileType = wrapper.framework; name = JavaScriptCore.framework; path = System/Library/Frameworks/JavaScriptCore.framework; sourceTree = SDKROOT; };
		ED2971642150620600B7C4FE /* JavaScriptCore.framework */ = {isa = PBXFileReference; lastKnownFileType = wrapper.framework; name = JavaScriptCore.framework; path = Platforms/AppleTVOS.platform/Developer/SDKs/AppleTVOS12.0.sdk/System/Library/Frameworks/JavaScriptCore.framework; sourceTree = DEVELOPER_DIR; };
		6EFBE5D4A2AF4C7DA9C088B2 /* AntDesign.ttf */ = {isa = PBXFileReference; name = "AntDesign.ttf"; path = "../node_modules/native-base/Fonts/AntDesign.ttf"; sourceTree = "<group>"; fileEncoding = undefined; lastKnownFileType = unknown; explicitFileType = undefined; includeInIndex = 0; };
		823FC0A28B6F4B53AABB6838 /* Entypo.ttf */ = {isa = PBXFileReference; name = "Entypo.ttf"; path = "../node_modules/native-base/Fonts/Entypo.ttf"; sourceTree = "<group>"; fileEncoding = undefined; lastKnownFileType = unknown; explicitFileType = undefined; includeInIndex = 0; };
		982E7A1DF77247CD99296E9C /* EvilIcons.ttf */ = {isa = PBXFileReference; name = "EvilIcons.ttf"; path = "../node_modules/native-base/Fonts/EvilIcons.ttf"; sourceTree = "<group>"; fileEncoding = undefined; lastKnownFileType = unknown; explicitFileType = undefined; includeInIndex = 0; };
		9044C3D02B19416DBFEEF1D8 /* Feather.ttf */ = {isa = PBXFileReference; name = "Feather.ttf"; path = "../node_modules/native-base/Fonts/Feather.ttf"; sourceTree = "<group>"; fileEncoding = undefined; lastKnownFileType = unknown; explicitFileType = undefined; includeInIndex = 0; };
		9E134993B3C8407EA169079A /* FontAwesome.ttf */ = {isa = PBXFileReference; name = "FontAwesome.ttf"; path = "../node_modules/native-base/Fonts/FontAwesome.ttf"; sourceTree = "<group>"; fileEncoding = undefined; lastKnownFileType = unknown; explicitFileType = undefined; includeInIndex = 0; };
		7FD4F0207D544B3AAA37976F /* FontAwesome5_Brands.ttf */ = {isa = PBXFileReference; name = "FontAwesome5_Brands.ttf"; path = "../node_modules/native-base/Fonts/FontAwesome5_Brands.ttf"; sourceTree = "<group>"; fileEncoding = undefined; lastKnownFileType = unknown; explicitFileType = undefined; includeInIndex = 0; };
		B6167B6C91474B29B1489BB9 /* FontAwesome5_Regular.ttf */ = {isa = PBXFileReference; name = "FontAwesome5_Regular.ttf"; path = "../node_modules/native-base/Fonts/FontAwesome5_Regular.ttf"; sourceTree = "<group>"; fileEncoding = undefined; lastKnownFileType = unknown; explicitFileType = undefined; includeInIndex = 0; };
		E420A2C282B2422BB89E0109 /* FontAwesome5_Solid.ttf */ = {isa = PBXFileReference; name = "FontAwesome5_Solid.ttf"; path = "../node_modules/native-base/Fonts/FontAwesome5_Solid.ttf"; sourceTree = "<group>"; fileEncoding = undefined; lastKnownFileType = unknown; explicitFileType = undefined; includeInIndex = 0; };
		BC7C477908D44EFF8D66F69E /* Fontisto.ttf */ = {isa = PBXFileReference; name = "Fontisto.ttf"; path = "../node_modules/native-base/Fonts/Fontisto.ttf"; sourceTree = "<group>"; fileEncoding = undefined; lastKnownFileType = unknown; explicitFileType = undefined; includeInIndex = 0; };
		D28EBF68E1734B4BBAE88270 /* Foundation.ttf */ = {isa = PBXFileReference; name = "Foundation.ttf"; path = "../node_modules/native-base/Fonts/Foundation.ttf"; sourceTree = "<group>"; fileEncoding = undefined; lastKnownFileType = unknown; explicitFileType = undefined; includeInIndex = 0; };
		CDB25163835A47C4810F315E /* Ionicons.ttf */ = {isa = PBXFileReference; name = "Ionicons.ttf"; path = "../node_modules/native-base/Fonts/Ionicons.ttf"; sourceTree = "<group>"; fileEncoding = undefined; lastKnownFileType = unknown; explicitFileType = undefined; includeInIndex = 0; };
		467DF756290847499C2C5686 /* MaterialCommunityIcons.ttf */ = {isa = PBXFileReference; name = "MaterialCommunityIcons.ttf"; path = "../node_modules/native-base/Fonts/MaterialCommunityIcons.ttf"; sourceTree = "<group>"; fileEncoding = undefined; lastKnownFileType = unknown; explicitFileType = undefined; includeInIndex = 0; };
		69E85652E8E0410BAFFA7373 /* MaterialIcons.ttf */ = {isa = PBXFileReference; name = "MaterialIcons.ttf"; path = "../node_modules/native-base/Fonts/MaterialIcons.ttf"; sourceTree = "<group>"; fileEncoding = undefined; lastKnownFileType = unknown; explicitFileType = undefined; includeInIndex = 0; };
		659B4A0008D545B3A727F7E8 /* Octicons.ttf */ = {isa = PBXFileReference; name = "Octicons.ttf"; path = "../node_modules/native-base/Fonts/Octicons.ttf"; sourceTree = "<group>"; fileEncoding = undefined; lastKnownFileType = unknown; explicitFileType = undefined; includeInIndex = 0; };
		3E6E99A92E994B69A9BBB1E0 /* Roboto_medium.ttf */ = {isa = PBXFileReference; name = "Roboto_medium.ttf"; path = "../node_modules/native-base/Fonts/Roboto_medium.ttf"; sourceTree = "<group>"; fileEncoding = undefined; lastKnownFileType = unknown; explicitFileType = undefined; includeInIndex = 0; };
		CE7C0D378C3447B9A2A6B0F1 /* Roboto.ttf */ = {isa = PBXFileReference; name = "Roboto.ttf"; path = "../node_modules/native-base/Fonts/Roboto.ttf"; sourceTree = "<group>"; fileEncoding = undefined; lastKnownFileType = unknown; explicitFileType = undefined; includeInIndex = 0; };
		B6CEC857DC094F99BFCC5C75 /* rubicon-icon-font.ttf */ = {isa = PBXFileReference; name = "rubicon-icon-font.ttf"; path = "../node_modules/native-base/Fonts/rubicon-icon-font.ttf"; sourceTree = "<group>"; fileEncoding = undefined; lastKnownFileType = unknown; explicitFileType = undefined; includeInIndex = 0; };
		414E8CE394A34C8AB56FB8C8 /* SimpleLineIcons.ttf */ = {isa = PBXFileReference; name = "SimpleLineIcons.ttf"; path = "../node_modules/native-base/Fonts/SimpleLineIcons.ttf"; sourceTree = "<group>"; fileEncoding = undefined; lastKnownFileType = unknown; explicitFileType = undefined; includeInIndex = 0; };
		8DA29FBEB65248B9ACDC26D2 /* Zocial.ttf */ = {isa = PBXFileReference; name = "Zocial.ttf"; path = "../node_modules/native-base/Fonts/Zocial.ttf"; sourceTree = "<group>"; fileEncoding = undefined; lastKnownFileType = unknown; explicitFileType = undefined; includeInIndex = 0; };
/* End PBXFileReference section */

/* Begin PBXFrameworksBuildPhase section */
		00E356EB1AD99517003FC87E /* Frameworks */ = {
			isa = PBXFrameworksBuildPhase;
			buildActionMask = 2147483647;
			files = (
				C5B4FB44732C130E4F37C7E7 /* libPods-Hostess-HostessTests.a in Frameworks */,
			);
			runOnlyForDeploymentPostprocessing = 0;
		};
		13B07F8C1A680F5B00A75B9A /* Frameworks */ = {
			isa = PBXFrameworksBuildPhase;
			buildActionMask = 2147483647;
			files = (
				9E413D29D9BBB4BA93B53269 /* libPods-Hostess.a in Frameworks */,
			);
			runOnlyForDeploymentPostprocessing = 0;
		};
		2D02E4781E0B4A5D006451C7 /* Frameworks */ = {
			isa = PBXFrameworksBuildPhase;
			buildActionMask = 2147483647;
			files = (
				546E633457C9BC51986CD4AE /* libPods-Hostess-tvOS.a in Frameworks */,
			);
			runOnlyForDeploymentPostprocessing = 0;
		};
		2D02E48D1E0B4A5D006451C7 /* Frameworks */ = {
			isa = PBXFrameworksBuildPhase;
			buildActionMask = 2147483647;
			files = (
				69836E2338018B708817F3A1 /* libPods-Hostess-tvOSTests.a in Frameworks */,
			);
			runOnlyForDeploymentPostprocessing = 0;
		};
/* End PBXFrameworksBuildPhase section */

/* Begin PBXGroup section */
		00E356EF1AD99517003FC87E /* HostessTests */ = {
			isa = PBXGroup;
			children = (
				00E356F21AD99517003FC87E /* HostessTests.m */,
				00E356F01AD99517003FC87E /* Supporting Files */,
			);
			path = HostessTests;
			sourceTree = "<group>";
		};
		00E356F01AD99517003FC87E /* Supporting Files */ = {
			isa = PBXGroup;
			children = (
				00E356F11AD99517003FC87E /* Info.plist */,
			);
			name = "Supporting Files";
			sourceTree = "<group>";
		};
		13B07FAE1A68108700A75B9A /* Hostess */ = {
			isa = PBXGroup;
			children = (
				008F07F21AC5B25A0029DE68 /* main.jsbundle */,
				13B07FAF1A68108700A75B9A /* AppDelegate.h */,
				13B07FB01A68108700A75B9A /* AppDelegate.m */,
				13B07FB51A68108700A75B9A /* Images.xcassets */,
				13B07FB61A68108700A75B9A /* Info.plist */,
				81AB9BB72411601600AC10FF /* LaunchScreen.storyboard */,
				13B07FB71A68108700A75B9A /* main.m */,
			);
			name = Hostess;
			sourceTree = "<group>";
		};
		2D16E6871FA4F8E400B85C8A /* Frameworks */ = {
			isa = PBXGroup;
			children = (
				ED297162215061F000B7C4FE /* JavaScriptCore.framework */,
				ED2971642150620600B7C4FE /* JavaScriptCore.framework */,
				84FF90C6BCAD72F10477B577 /* libPods-Hostess.a */,
				0A0DCBD34557444767A4D73E /* libPods-Hostess-HostessTests.a */,
				61A1E1993E46CD7FC20C4173 /* libPods-Hostess-tvOS.a */,
				61CF4533498B95A980C12D04 /* libPods-Hostess-tvOSTests.a */,
			);
			name = Frameworks;
			sourceTree = "<group>";
		};
		6F8AD6FAFC194A874E7E72F1 /* Pods */ = {
			isa = PBXGroup;
			children = (
				CEA49FF6F33B86A42088EB02 /* Pods-Hostess.debug.xcconfig */,
				7001091900EF194C4AD0641B /* Pods-Hostess.release.xcconfig */,
				8704D56F537115B77AFB86FE /* Pods-Hostess-HostessTests.debug.xcconfig */,
				155DAA6220F1C4E9C2E7FCB3 /* Pods-Hostess-HostessTests.release.xcconfig */,
				3170FD695B5FAFE16DD3B143 /* Pods-Hostess-tvOS.debug.xcconfig */,
				55E7C092835A442C5CB8E1AC /* Pods-Hostess-tvOS.release.xcconfig */,
				D7778FB32D8D498B022F5BC1 /* Pods-Hostess-tvOSTests.debug.xcconfig */,
				C32132DD8A78D6C95387B830 /* Pods-Hostess-tvOSTests.release.xcconfig */,
			);
			name = Pods;
			path = Pods;
			sourceTree = "<group>";
		};
		832341AE1AAA6A7D00B99B32 /* Libraries */ = {
			isa = PBXGroup;
			children = (
			);
			name = Libraries;
			sourceTree = "<group>";
		};
		83CBB9F61A601CBA00E9B192 = {
			isa = PBXGroup;
			children = (
				13B07FAE1A68108700A75B9A /* Hostess */,
				832341AE1AAA6A7D00B99B32 /* Libraries */,
				00E356EF1AD99517003FC87E /* HostessTests */,
				83CBBA001A601CBA00E9B192 /* Products */,
				2D16E6871FA4F8E400B85C8A /* Frameworks */,
				BFC53889F9C74A24A90DA274 /* Resources */,
				6F8AD6FAFC194A874E7E72F1 /* Pods */,
			);
			indentWidth = 2;
			sourceTree = "<group>";
			tabWidth = 2;
			usesTabs = 0;
		};
		83CBBA001A601CBA00E9B192 /* Products */ = {
			isa = PBXGroup;
			children = (
				13B07F961A680F5B00A75B9A /* Hostess.app */,
				00E356EE1AD99517003FC87E /* HostessTests.xctest */,
				2D02E47B1E0B4A5D006451C7 /* Hostess-tvOS.app */,
				2D02E4901E0B4A5D006451C7 /* Hostess-tvOSTests.xctest */,
			);
			name = Products;
			sourceTree = "<group>";
		};
		BFC53889F9C74A24A90DA274 /* Resources */ = {
			isa = PBXGroup;
			children = (
				BC0FB853B8EA400189FD2D3F /* Poppins-Black.ttf */,
				0FF0B99F94274B9FB277DFC7 /* Poppins-BlackItalic.ttf */,
				3262E8B0A3714993A5613BC0 /* Poppins-Bold.ttf */,
				539C55688A744DA7BE33035B /* Poppins-BoldItalic.ttf */,
				C6C24BC02BB448BA86740D92 /* Poppins-ExtraBold.ttf */,
				4D8C813C05F5443CB9670A20 /* Poppins-ExtraBoldItalic.ttf */,
				E431FF3ACABD444E8203FD85 /* Poppins-ExtraLight.ttf */,
				E07FD79C1B9A4C2E97B51754 /* Poppins-ExtraLightItalic.ttf */,
				BE293FF4E5F240FA909E55EF /* Poppins-Italic.ttf */,
				04637FC7682A4DDE83A28024 /* Poppins-Light.ttf */,
				8A2D483A89D648D2B70FECCA /* Poppins-LightItalic.ttf */,
				6FC5E760BAEE4F7CB6D567E0 /* Poppins-Medium.ttf */,
				0B25A7FCB10941BDAC1C8508 /* Poppins-MediumItalic.ttf */,
				A87C95771A6D4E82A9959BFB /* Poppins-Regular.ttf */,
				BBAD2515DFFB4CC2B0981C14 /* Poppins-SemiBold.ttf */,
				47CEBFADFD774445B73C3329 /* Poppins-SemiBoldItalic.ttf */,
				03F1D7447312447A87140F83 /* Poppins-Thin.ttf */,
				5C5A8FD01AEC4EEAB691B9A4 /* Poppins-ThinItalic.ttf */,
				6EFBE5D4A2AF4C7DA9C088B2 /* AntDesign.ttf */,
				823FC0A28B6F4B53AABB6838 /* Entypo.ttf */,
				982E7A1DF77247CD99296E9C /* EvilIcons.ttf */,
				9044C3D02B19416DBFEEF1D8 /* Feather.ttf */,
				9E134993B3C8407EA169079A /* FontAwesome.ttf */,
				7FD4F0207D544B3AAA37976F /* FontAwesome5_Brands.ttf */,
				B6167B6C91474B29B1489BB9 /* FontAwesome5_Regular.ttf */,
				E420A2C282B2422BB89E0109 /* FontAwesome5_Solid.ttf */,
				BC7C477908D44EFF8D66F69E /* Fontisto.ttf */,
				D28EBF68E1734B4BBAE88270 /* Foundation.ttf */,
				CDB25163835A47C4810F315E /* Ionicons.ttf */,
				467DF756290847499C2C5686 /* MaterialCommunityIcons.ttf */,
				69E85652E8E0410BAFFA7373 /* MaterialIcons.ttf */,
				659B4A0008D545B3A727F7E8 /* Octicons.ttf */,
				3E6E99A92E994B69A9BBB1E0 /* Roboto_medium.ttf */,
				CE7C0D378C3447B9A2A6B0F1 /* Roboto.ttf */,
				B6CEC857DC094F99BFCC5C75 /* rubicon-icon-font.ttf */,
				414E8CE394A34C8AB56FB8C8 /* SimpleLineIcons.ttf */,
				8DA29FBEB65248B9ACDC26D2 /* Zocial.ttf */,
			);
			name = Resources;
			path = "";
			sourceTree = "<group>";
		};
/* End PBXGroup section */

/* Begin PBXNativeTarget section */
		00E356ED1AD99517003FC87E /* HostessTests */ = {
			isa = PBXNativeTarget;
			buildConfigurationList = 00E357021AD99517003FC87E /* Build configuration list for PBXNativeTarget "HostessTests" */;
			buildPhases = (
				0DAAF0812CC2737E0C998643 /* [CP] Check Pods Manifest.lock */,
				00E356EA1AD99517003FC87E /* Sources */,
				00E356EB1AD99517003FC87E /* Frameworks */,
				00E356EC1AD99517003FC87E /* Resources */,
				34DE9A4F14F2E5822F3A0751 /* [CP] Copy Pods Resources */,
			);
			buildRules = (
			);
			dependencies = (
				00E356F51AD99517003FC87E /* PBXTargetDependency */,
			);
			name = HostessTests;
			productName = HostessTests;
			productReference = 00E356EE1AD99517003FC87E /* HostessTests.xctest */;
			productType = "com.apple.product-type.bundle.unit-test";
		};
		13B07F861A680F5B00A75B9A /* Hostess */ = {
			isa = PBXNativeTarget;
			buildConfigurationList = 13B07F931A680F5B00A75B9A /* Build configuration list for PBXNativeTarget "Hostess" */;
			buildPhases = (
				6D36FEBAE7A0078E3A2001BA /* [CP] Check Pods Manifest.lock */,
				FD10A7F022414F080027D42C /* Start Packager */,
				13B07F871A680F5B00A75B9A /* Sources */,
				13B07F8C1A680F5B00A75B9A /* Frameworks */,
				13B07F8E1A680F5B00A75B9A /* Resources */,
				00DD1BFF1BD5951E006B06BC /* Bundle React Native code and images */,
				7D05B39471470CDE4D0688A4 /* [CP] Copy Pods Resources */,
			);
			buildRules = (
			);
			dependencies = (
			);
			name = Hostess;
			productName = Hostess;
			productReference = 13B07F961A680F5B00A75B9A /* Hostess.app */;
			productType = "com.apple.product-type.application";
		};
		2D02E47A1E0B4A5D006451C7 /* Hostess-tvOS */ = {
			isa = PBXNativeTarget;
			buildConfigurationList = 2D02E4BA1E0B4A5E006451C7 /* Build configuration list for PBXNativeTarget "Hostess-tvOS" */;
			buildPhases = (
				CFCA6F2BBBFCB84C72E13DDC /* [CP] Check Pods Manifest.lock */,
				FD10A7F122414F3F0027D42C /* Start Packager */,
				2D02E4771E0B4A5D006451C7 /* Sources */,
				2D02E4781E0B4A5D006451C7 /* Frameworks */,
				2D02E4791E0B4A5D006451C7 /* Resources */,
				2D02E4CB1E0B4B27006451C7 /* Bundle React Native Code And Images */,
			);
			buildRules = (
			);
			dependencies = (
			);
			name = "Hostess-tvOS";
			productName = "Hostess-tvOS";
			productReference = 2D02E47B1E0B4A5D006451C7 /* Hostess-tvOS.app */;
			productType = "com.apple.product-type.application";
		};
		2D02E48F1E0B4A5D006451C7 /* Hostess-tvOSTests */ = {
			isa = PBXNativeTarget;
			buildConfigurationList = 2D02E4BB1E0B4A5E006451C7 /* Build configuration list for PBXNativeTarget "Hostess-tvOSTests" */;
			buildPhases = (
				65A646B0C7281DB8B98D1C35 /* [CP] Check Pods Manifest.lock */,
				2D02E48C1E0B4A5D006451C7 /* Sources */,
				2D02E48D1E0B4A5D006451C7 /* Frameworks */,
				2D02E48E1E0B4A5D006451C7 /* Resources */,
			);
			buildRules = (
			);
			dependencies = (
				2D02E4921E0B4A5D006451C7 /* PBXTargetDependency */,
			);
			name = "Hostess-tvOSTests";
			productName = "Hostess-tvOSTests";
			productReference = 2D02E4901E0B4A5D006451C7 /* Hostess-tvOSTests.xctest */;
			productType = "com.apple.product-type.bundle.unit-test";
		};
/* End PBXNativeTarget section */

/* Begin PBXProject section */
		83CBB9F71A601CBA00E9B192 /* Project object */ = {
			isa = PBXProject;
			attributes = {
				LastUpgradeCheck = 1130;
				TargetAttributes = {
					00E356ED1AD99517003FC87E = {
						CreatedOnToolsVersion = 6.2;
						TestTargetID = 13B07F861A680F5B00A75B9A;
					};
					13B07F861A680F5B00A75B9A = {
						LastSwiftMigration = 1120;
					};
					2D02E47A1E0B4A5D006451C7 = {
						CreatedOnToolsVersion = 8.2.1;
						ProvisioningStyle = Automatic;
					};
					2D02E48F1E0B4A5D006451C7 = {
						CreatedOnToolsVersion = 8.2.1;
						ProvisioningStyle = Automatic;
						TestTargetID = 2D02E47A1E0B4A5D006451C7;
					};
				};
			};
			buildConfigurationList = 83CBB9FA1A601CBA00E9B192 /* Build configuration list for PBXProject "Hostess" */;
			compatibilityVersion = "Xcode 3.2";
			developmentRegion = en;
			hasScannedForEncodings = 0;
			knownRegions = (
				en,
				Base,
			);
			mainGroup = 83CBB9F61A601CBA00E9B192;
			productRefGroup = 83CBBA001A601CBA00E9B192 /* Products */;
			projectDirPath = "";
			projectRoot = "";
			targets = (
				13B07F861A680F5B00A75B9A /* Hostess */,
				00E356ED1AD99517003FC87E /* HostessTests */,
				2D02E47A1E0B4A5D006451C7 /* Hostess-tvOS */,
				2D02E48F1E0B4A5D006451C7 /* Hostess-tvOSTests */,
			);
		};
/* End PBXProject section */

/* Begin PBXResourcesBuildPhase section */
		00E356EC1AD99517003FC87E /* Resources */ = {
			isa = PBXResourcesBuildPhase;
			buildActionMask = 2147483647;
			files = (
			);
			runOnlyForDeploymentPostprocessing = 0;
		};
		13B07F8E1A680F5B00A75B9A /* Resources */ = {
			isa = PBXResourcesBuildPhase;
			buildActionMask = 2147483647;
			files = (
				81AB9BB82411601600AC10FF /* LaunchScreen.storyboard in Resources */,
				13B07FBF1A68108700A75B9A /* Images.xcassets in Resources */,
				1119B78C9C46485D94121BB3 /* Poppins-Black.ttf in Resources */,
				F98B033E827B494FB486AEE8 /* Poppins-BlackItalic.ttf in Resources */,
				688AF9FD325840AAA54AC0D1 /* Poppins-Bold.ttf in Resources */,
				D287D34894314EAEA41C3E83 /* Poppins-BoldItalic.ttf in Resources */,
				B87A9C331000423F89916DB1 /* Poppins-ExtraBold.ttf in Resources */,
				B25C7751D6274446839BA97E /* Poppins-ExtraBoldItalic.ttf in Resources */,
				D3D41B34F03F4C24A053A675 /* Poppins-ExtraLight.ttf in Resources */,
				17A790F5ED1D4DA39653EB21 /* Poppins-ExtraLightItalic.ttf in Resources */,
				DD097CE9CD3945F199CB637F /* Poppins-Italic.ttf in Resources */,
				D3F98011380A4965A6E9CB19 /* Poppins-Light.ttf in Resources */,
				539A1429B52340198655092F /* Poppins-LightItalic.ttf in Resources */,
				9C4D85BB0F4B4A5580F886BC /* Poppins-Medium.ttf in Resources */,
				9D2E7169558F4F5BAD913414 /* Poppins-MediumItalic.ttf in Resources */,
				0E6845C32C5C4A5FBFC3E114 /* Poppins-Regular.ttf in Resources */,
				19A3250A24C84BB38395EECA /* Poppins-SemiBold.ttf in Resources */,
				755B0FFD88DB4712AC2A65D2 /* Poppins-SemiBoldItalic.ttf in Resources */,
				F6C6F685E5574D03A810C83C /* Poppins-Thin.ttf in Resources */,
				0335EEA3DAB5402AAE3D5477 /* Poppins-ThinItalic.ttf in Resources */,
				72D78D6A959642708C68868A /* AntDesign.ttf in Resources */,
				CC9BD1ECD2634237917A5362 /* Entypo.ttf in Resources */,
				D4EDC73D5B57499B980E9F1E /* EvilIcons.ttf in Resources */,
				6CEA1357643E450EBBB0617A /* Feather.ttf in Resources */,
				2301E064B4224796BC00FA0F /* FontAwesome.ttf in Resources */,
				DDAC33F5EEB646EA9D4C5314 /* FontAwesome5_Brands.ttf in Resources */,
				0572E3D910C04EEDB3E19FFB /* FontAwesome5_Regular.ttf in Resources */,
				100B5216182F4E19846AD1C7 /* FontAwesome5_Solid.ttf in Resources */,
				7DDAD0AF7BDB44E182D256C4 /* Fontisto.ttf in Resources */,
				13DF09AA374B4B3EAF8DF630 /* Foundation.ttf in Resources */,
				B72DFA32CD40426EA760E6D4 /* Ionicons.ttf in Resources */,
				C0E4AB117DB247D3B714382F /* MaterialCommunityIcons.ttf in Resources */,
				0BF0481BD0654522A1E2B6E8 /* MaterialIcons.ttf in Resources */,
				98CBF37656964D3FAB29721D /* Octicons.ttf in Resources */,
				C0E41E0CAB764F8EABA40FDB /* Roboto_medium.ttf in Resources */,
				77267CE974D44C30BB91C43B /* Roboto.ttf in Resources */,
				3C49AE978DC74D70946439EB /* rubicon-icon-font.ttf in Resources */,
				BFBBD0112E22452E863CFC2B /* SimpleLineIcons.ttf in Resources */,
				B303825F6F4B4C069A212BF3 /* Zocial.ttf in Resources */,
			);
			runOnlyForDeploymentPostprocessing = 0;
		};
		2D02E4791E0B4A5D006451C7 /* Resources */ = {
			isa = PBXResourcesBuildPhase;
			buildActionMask = 2147483647;
			files = (
				2D02E4BD1E0B4A84006451C7 /* Images.xcassets in Resources */,
			);
			runOnlyForDeploymentPostprocessing = 0;
		};
		2D02E48E1E0B4A5D006451C7 /* Resources */ = {
			isa = PBXResourcesBuildPhase;
			buildActionMask = 2147483647;
			files = (
			);
			runOnlyForDeploymentPostprocessing = 0;
		};
/* End PBXResourcesBuildPhase section */

/* Begin PBXShellScriptBuildPhase section */
		00DD1BFF1BD5951E006B06BC /* Bundle React Native code and images */ = {
			isa = PBXShellScriptBuildPhase;
			buildActionMask = 2147483647;
			files = (
			);
			inputPaths = (
			);
			name = "Bundle React Native code and images";
			outputPaths = (
			);
			runOnlyForDeploymentPostprocessing = 0;
			shellPath = /bin/sh;
			shellScript = "export NODE_BINARY=node\n../node_modules/react-native/scripts/react-native-xcode.sh";
		};
		0DAAF0812CC2737E0C998643 /* [CP] Check Pods Manifest.lock */ = {
			isa = PBXShellScriptBuildPhase;
			buildActionMask = 2147483647;
			files = (
			);
			inputFileListPaths = (
			);
			inputPaths = (
				"${PODS_PODFILE_DIR_PATH}/Podfile.lock",
				"${PODS_ROOT}/Manifest.lock",
			);
			name = "[CP] Check Pods Manifest.lock";
			outputFileListPaths = (
			);
			outputPaths = (
				"$(DERIVED_FILE_DIR)/Pods-Hostess-HostessTests-checkManifestLockResult.txt",
			);
			runOnlyForDeploymentPostprocessing = 0;
			shellPath = /bin/sh;
			shellScript = "diff \"${PODS_PODFILE_DIR_PATH}/Podfile.lock\" \"${PODS_ROOT}/Manifest.lock\" > /dev/null\nif [ $? != 0 ] ; then\n    # print error to STDERR\n    echo \"error: The sandbox is not in sync with the Podfile.lock. Run 'pod install' or update your CocoaPods installation.\" >&2\n    exit 1\nfi\n# This output is used by Xcode 'outputs' to avoid re-running this script phase.\necho \"SUCCESS\" > \"${SCRIPT_OUTPUT_FILE_0}\"\n";
			showEnvVarsInLog = 0;
		};
		2D02E4CB1E0B4B27006451C7 /* Bundle React Native Code And Images */ = {
			isa = PBXShellScriptBuildPhase;
			buildActionMask = 2147483647;
			files = (
			);
			inputPaths = (
			);
			name = "Bundle React Native Code And Images";
			outputPaths = (
			);
			runOnlyForDeploymentPostprocessing = 0;
			shellPath = /bin/sh;
			shellScript = "export NODE_BINARY=node\n../node_modules/react-native/scripts/react-native-xcode.sh";
		};
		34DE9A4F14F2E5822F3A0751 /* [CP] Copy Pods Resources */ = {
			isa = PBXShellScriptBuildPhase;
			buildActionMask = 2147483647;
			files = (
			);
			inputPaths = (
				"${PODS_ROOT}/Target Support Files/Pods-Hostess-HostessTests/Pods-Hostess-HostessTests-resources.sh",
				"${PODS_CONFIGURATION_BUILD_DIR}/React-Core/AccessibilityResources.bundle",
			);
			name = "[CP] Copy Pods Resources";
			outputPaths = (
				"${TARGET_BUILD_DIR}/${UNLOCALIZED_RESOURCES_FOLDER_PATH}/AccessibilityResources.bundle",
			);
			runOnlyForDeploymentPostprocessing = 0;
			shellPath = /bin/sh;
			shellScript = "\"${PODS_ROOT}/Target Support Files/Pods-Hostess-HostessTests/Pods-Hostess-HostessTests-resources.sh\"\n";
			showEnvVarsInLog = 0;
		};
		65A646B0C7281DB8B98D1C35 /* [CP] Check Pods Manifest.lock */ = {
			isa = PBXShellScriptBuildPhase;
			buildActionMask = 2147483647;
			files = (
			);
			inputFileListPaths = (
			);
			inputPaths = (
				"${PODS_PODFILE_DIR_PATH}/Podfile.lock",
				"${PODS_ROOT}/Manifest.lock",
			);
			name = "[CP] Check Pods Manifest.lock";
			outputFileListPaths = (
			);
			outputPaths = (
				"$(DERIVED_FILE_DIR)/Pods-Hostess-tvOSTests-checkManifestLockResult.txt",
			);
			runOnlyForDeploymentPostprocessing = 0;
			shellPath = /bin/sh;
			shellScript = "diff \"${PODS_PODFILE_DIR_PATH}/Podfile.lock\" \"${PODS_ROOT}/Manifest.lock\" > /dev/null\nif [ $? != 0 ] ; then\n    # print error to STDERR\n    echo \"error: The sandbox is not in sync with the Podfile.lock. Run 'pod install' or update your CocoaPods installation.\" >&2\n    exit 1\nfi\n# This output is used by Xcode 'outputs' to avoid re-running this script phase.\necho \"SUCCESS\" > \"${SCRIPT_OUTPUT_FILE_0}\"\n";
			showEnvVarsInLog = 0;
		};
		6D36FEBAE7A0078E3A2001BA /* [CP] Check Pods Manifest.lock */ = {
			isa = PBXShellScriptBuildPhase;
			buildActionMask = 2147483647;
			files = (
			);
			inputFileListPaths = (
			);
			inputPaths = (
				"${PODS_PODFILE_DIR_PATH}/Podfile.lock",
				"${PODS_ROOT}/Manifest.lock",
			);
			name = "[CP] Check Pods Manifest.lock";
			outputFileListPaths = (
			);
			outputPaths = (
				"$(DERIVED_FILE_DIR)/Pods-Hostess-checkManifestLockResult.txt",
			);
			runOnlyForDeploymentPostprocessing = 0;
			shellPath = /bin/sh;
			shellScript = "diff \"${PODS_PODFILE_DIR_PATH}/Podfile.lock\" \"${PODS_ROOT}/Manifest.lock\" > /dev/null\nif [ $? != 0 ] ; then\n    # print error to STDERR\n    echo \"error: The sandbox is not in sync with the Podfile.lock. Run 'pod install' or update your CocoaPods installation.\" >&2\n    exit 1\nfi\n# This output is used by Xcode 'outputs' to avoid re-running this script phase.\necho \"SUCCESS\" > \"${SCRIPT_OUTPUT_FILE_0}\"\n";
			showEnvVarsInLog = 0;
		};
		7D05B39471470CDE4D0688A4 /* [CP] Copy Pods Resources */ = {
			isa = PBXShellScriptBuildPhase;
			buildActionMask = 2147483647;
			files = (
			);
			inputPaths = (
				"${PODS_ROOT}/Target Support Files/Pods-Hostess/Pods-Hostess-resources.sh",
				"${PODS_CONFIGURATION_BUILD_DIR}/React-Core/AccessibilityResources.bundle",
			);
			name = "[CP] Copy Pods Resources";
			outputPaths = (
				"${TARGET_BUILD_DIR}/${UNLOCALIZED_RESOURCES_FOLDER_PATH}/AccessibilityResources.bundle",
			);
			runOnlyForDeploymentPostprocessing = 0;
			shellPath = /bin/sh;
			shellScript = "\"${PODS_ROOT}/Target Support Files/Pods-Hostess/Pods-Hostess-resources.sh\"\n";
			showEnvVarsInLog = 0;
		};
		CFCA6F2BBBFCB84C72E13DDC /* [CP] Check Pods Manifest.lock */ = {
			isa = PBXShellScriptBuildPhase;
			buildActionMask = 2147483647;
			files = (
			);
			inputFileListPaths = (
			);
			inputPaths = (
				"${PODS_PODFILE_DIR_PATH}/Podfile.lock",
				"${PODS_ROOT}/Manifest.lock",
			);
			name = "[CP] Check Pods Manifest.lock";
			outputFileListPaths = (
			);
			outputPaths = (
				"$(DERIVED_FILE_DIR)/Pods-Hostess-tvOS-checkManifestLockResult.txt",
			);
			runOnlyForDeploymentPostprocessing = 0;
			shellPath = /bin/sh;
			shellScript = "diff \"${PODS_PODFILE_DIR_PATH}/Podfile.lock\" \"${PODS_ROOT}/Manifest.lock\" > /dev/null\nif [ $? != 0 ] ; then\n    # print error to STDERR\n    echo \"error: The sandbox is not in sync with the Podfile.lock. Run 'pod install' or update your CocoaPods installation.\" >&2\n    exit 1\nfi\n# This output is used by Xcode 'outputs' to avoid re-running this script phase.\necho \"SUCCESS\" > \"${SCRIPT_OUTPUT_FILE_0}\"\n";
			showEnvVarsInLog = 0;
		};
		FD10A7F022414F080027D42C /* Start Packager */ = {
			isa = PBXShellScriptBuildPhase;
			buildActionMask = 2147483647;
			files = (
			);
			inputFileListPaths = (
			);
			inputPaths = (
			);
			name = "Start Packager";
			outputFileListPaths = (
			);
			outputPaths = (
			);
			runOnlyForDeploymentPostprocessing = 0;
			shellPath = /bin/sh;
			shellScript = "export RCT_METRO_PORT=\"${RCT_METRO_PORT:=8081}\"\necho \"export RCT_METRO_PORT=${RCT_METRO_PORT}\" > \"${SRCROOT}/../node_modules/react-native/scripts/.packager.env\"\nif [ -z \"${RCT_NO_LAUNCH_PACKAGER+xxx}\" ] ; then\n  if nc -w 5 -z localhost ${RCT_METRO_PORT} ; then\n    if ! curl -s \"http://localhost:${RCT_METRO_PORT}/status\" | grep -q \"packager-status:running\" ; then\n      echo \"Port ${RCT_METRO_PORT} already in use, packager is either not running or not running correctly\"\n      exit 2\n    fi\n  else\n    open \"$SRCROOT/../node_modules/react-native/scripts/launchPackager.command\" || echo \"Can't start packager automatically\"\n  fi\nfi\n";
			showEnvVarsInLog = 0;
		};
		FD10A7F122414F3F0027D42C /* Start Packager */ = {
			isa = PBXShellScriptBuildPhase;
			buildActionMask = 2147483647;
			files = (
			);
			inputFileListPaths = (
			);
			inputPaths = (
			);
			name = "Start Packager";
			outputFileListPaths = (
			);
			outputPaths = (
			);
			runOnlyForDeploymentPostprocessing = 0;
			shellPath = /bin/sh;
			shellScript = "export RCT_METRO_PORT=\"${RCT_METRO_PORT:=8081}\"\necho \"export RCT_METRO_PORT=${RCT_METRO_PORT}\" > \"${SRCROOT}/../node_modules/react-native/scripts/.packager.env\"\nif [ -z \"${RCT_NO_LAUNCH_PACKAGER+xxx}\" ] ; then\n  if nc -w 5 -z localhost ${RCT_METRO_PORT} ; then\n    if ! curl -s \"http://localhost:${RCT_METRO_PORT}/status\" | grep -q \"packager-status:running\" ; then\n      echo \"Port ${RCT_METRO_PORT} already in use, packager is either not running or not running correctly\"\n      exit 2\n    fi\n  else\n    open \"$SRCROOT/../node_modules/react-native/scripts/launchPackager.command\" || echo \"Can't start packager automatically\"\n  fi\nfi\n";
			showEnvVarsInLog = 0;
		};
/* End PBXShellScriptBuildPhase section */

/* Begin PBXSourcesBuildPhase section */
		00E356EA1AD99517003FC87E /* Sources */ = {
			isa = PBXSourcesBuildPhase;
			buildActionMask = 2147483647;
			files = (
				00E356F31AD99517003FC87E /* HostessTests.m in Sources */,
			);
			runOnlyForDeploymentPostprocessing = 0;
		};
		13B07F871A680F5B00A75B9A /* Sources */ = {
			isa = PBXSourcesBuildPhase;
			buildActionMask = 2147483647;
			files = (
				13B07FBC1A68108700A75B9A /* AppDelegate.m in Sources */,
				13B07FC11A68108700A75B9A /* main.m in Sources */,
			);
			runOnlyForDeploymentPostprocessing = 0;
		};
		2D02E4771E0B4A5D006451C7 /* Sources */ = {
			isa = PBXSourcesBuildPhase;
			buildActionMask = 2147483647;
			files = (
				2D02E4BF1E0B4AB3006451C7 /* main.m in Sources */,
				2D02E4BC1E0B4A80006451C7 /* AppDelegate.m in Sources */,
			);
			runOnlyForDeploymentPostprocessing = 0;
		};
		2D02E48C1E0B4A5D006451C7 /* Sources */ = {
			isa = PBXSourcesBuildPhase;
			buildActionMask = 2147483647;
			files = (
				2DCD954D1E0B4F2C00145EB5 /* HostessTests.m in Sources */,
			);
			runOnlyForDeploymentPostprocessing = 0;
		};
/* End PBXSourcesBuildPhase section */

/* Begin PBXTargetDependency section */
		00E356F51AD99517003FC87E /* PBXTargetDependency */ = {
			isa = PBXTargetDependency;
			target = 13B07F861A680F5B00A75B9A /* Hostess */;
			targetProxy = 00E356F41AD99517003FC87E /* PBXContainerItemProxy */;
		};
		2D02E4921E0B4A5D006451C7 /* PBXTargetDependency */ = {
			isa = PBXTargetDependency;
			target = 2D02E47A1E0B4A5D006451C7 /* Hostess-tvOS */;
			targetProxy = 2D02E4911E0B4A5D006451C7 /* PBXContainerItemProxy */;
		};
/* End PBXTargetDependency section */

/* Begin XCBuildConfiguration section */
		00E356F61AD99517003FC87E /* Debug */ = {
			isa = XCBuildConfiguration;
			baseConfigurationReference = 8704D56F537115B77AFB86FE /* Pods-Hostess-HostessTests.debug.xcconfig */;
			buildSettings = {
				BUNDLE_LOADER = "$(TEST_HOST)";
				GCC_PREPROCESSOR_DEFINITIONS = (
					"DEBUG=1",
					"$(inherited)",
				);
				INFOPLIST_FILE = HostessTests/Info.plist;
				IPHONEOS_DEPLOYMENT_TARGET = 10.0;
				LD_RUNPATH_SEARCH_PATHS = "$(inherited) @executable_path/Frameworks @loader_path/Frameworks";
				OTHER_LDFLAGS = (
					"-ObjC",
					"-lc++",
					"$(inherited)",
				);
				PRODUCT_BUNDLE_IDENTIFIER = "org.reactjs.native.example.$(PRODUCT_NAME:rfc1034identifier)";
				PRODUCT_NAME = "$(TARGET_NAME)";
				TEST_HOST = "$(BUILT_PRODUCTS_DIR)/Hostess.app/Hostess";
			};
			name = Debug;
		};
		00E356F71AD99517003FC87E /* Release */ = {
			isa = XCBuildConfiguration;
			baseConfigurationReference = 155DAA6220F1C4E9C2E7FCB3 /* Pods-Hostess-HostessTests.release.xcconfig */;
			buildSettings = {
				BUNDLE_LOADER = "$(TEST_HOST)";
				COPY_PHASE_STRIP = NO;
				INFOPLIST_FILE = HostessTests/Info.plist;
				IPHONEOS_DEPLOYMENT_TARGET = 10.0;
				LD_RUNPATH_SEARCH_PATHS = "$(inherited) @executable_path/Frameworks @loader_path/Frameworks";
				OTHER_LDFLAGS = (
					"-ObjC",
					"-lc++",
					"$(inherited)",
				);
				PRODUCT_BUNDLE_IDENTIFIER = "org.reactjs.native.example.$(PRODUCT_NAME:rfc1034identifier)";
				PRODUCT_NAME = "$(TARGET_NAME)";
				TEST_HOST = "$(BUILT_PRODUCTS_DIR)/Hostess.app/Hostess";
			};
			name = Release;
		};
		13B07F941A680F5B00A75B9A /* Debug */ = {
			isa = XCBuildConfiguration;
			baseConfigurationReference = CEA49FF6F33B86A42088EB02 /* Pods-Hostess.debug.xcconfig */;
			buildSettings = {
				ASSETCATALOG_COMPILER_APPICON_NAME = AppIcon;
				CLANG_ENABLE_MODULES = YES;
				CURRENT_PROJECT_VERSION = 1;
				ENABLE_BITCODE = NO;
				INFOPLIST_FILE = Hostess/Info.plist;
				LD_RUNPATH_SEARCH_PATHS = "$(inherited) @executable_path/Frameworks";
				OTHER_LDFLAGS = (
					"$(inherited)",
					"-ObjC",
					"-lc++",
				);
				PRODUCT_BUNDLE_IDENTIFIER = "org.reactjs.native.example.$(PRODUCT_NAME:rfc1034identifier)";
				PRODUCT_NAME = Hostess;
				SWIFT_OPTIMIZATION_LEVEL = "-Onone";
				SWIFT_VERSION = 5.0;
				VERSIONING_SYSTEM = "apple-generic";
			};
			name = Debug;
		};
		13B07F951A680F5B00A75B9A /* Release */ = {
			isa = XCBuildConfiguration;
			baseConfigurationReference = 7001091900EF194C4AD0641B /* Pods-Hostess.release.xcconfig */;
			buildSettings = {
				ASSETCATALOG_COMPILER_APPICON_NAME = AppIcon;
				CLANG_ENABLE_MODULES = YES;
				CURRENT_PROJECT_VERSION = 1;
				INFOPLIST_FILE = Hostess/Info.plist;
				LD_RUNPATH_SEARCH_PATHS = "$(inherited) @executable_path/Frameworks";
				OTHER_LDFLAGS = (
					"$(inherited)",
					"-ObjC",
					"-lc++",
				);
				PRODUCT_BUNDLE_IDENTIFIER = "org.reactjs.native.example.$(PRODUCT_NAME:rfc1034identifier)";
				PRODUCT_NAME = Hostess;
				SWIFT_VERSION = 5.0;
				VERSIONING_SYSTEM = "apple-generic";
			};
			name = Release;
		};
		2D02E4971E0B4A5E006451C7 /* Debug */ = {
			isa = XCBuildConfiguration;
			baseConfigurationReference = 3170FD695B5FAFE16DD3B143 /* Pods-Hostess-tvOS.debug.xcconfig */;
			buildSettings = {
				ASSETCATALOG_COMPILER_APPICON_NAME = "App Icon & Top Shelf Image";
				ASSETCATALOG_COMPILER_LAUNCHIMAGE_NAME = LaunchImage;
				CLANG_ANALYZER_NONNULL = YES;
				CLANG_WARN_DOCUMENTATION_COMMENTS = YES;
				CLANG_WARN_INFINITE_RECURSION = YES;
				CLANG_WARN_SUSPICIOUS_MOVE = YES;
				DEBUG_INFORMATION_FORMAT = dwarf;
				ENABLE_TESTABILITY = YES;
				GCC_NO_COMMON_BLOCKS = YES;
				INFOPLIST_FILE = "Hostess-tvOS/Info.plist";
				LD_RUNPATH_SEARCH_PATHS = "$(inherited) @executable_path/Frameworks";
				OTHER_LDFLAGS = (
					"$(inherited)",
					"-ObjC",
					"-lc++",
				);
				PRODUCT_BUNDLE_IDENTIFIER = "org.reactjs.native.example.Hostess-tvOS";
				PRODUCT_NAME = "$(TARGET_NAME)";
				SDKROOT = appletvos;
				TARGETED_DEVICE_FAMILY = 3;
				TVOS_DEPLOYMENT_TARGET = 10.0;
			};
			name = Debug;
		};
		2D02E4981E0B4A5E006451C7 /* Release */ = {
			isa = XCBuildConfiguration;
			baseConfigurationReference = 55E7C092835A442C5CB8E1AC /* Pods-Hostess-tvOS.release.xcconfig */;
			buildSettings = {
				ASSETCATALOG_COMPILER_APPICON_NAME = "App Icon & Top Shelf Image";
				ASSETCATALOG_COMPILER_LAUNCHIMAGE_NAME = LaunchImage;
				CLANG_ANALYZER_NONNULL = YES;
				CLANG_WARN_DOCUMENTATION_COMMENTS = YES;
				CLANG_WARN_INFINITE_RECURSION = YES;
				CLANG_WARN_SUSPICIOUS_MOVE = YES;
				COPY_PHASE_STRIP = NO;
				DEBUG_INFORMATION_FORMAT = "dwarf-with-dsym";
				GCC_NO_COMMON_BLOCKS = YES;
				INFOPLIST_FILE = "Hostess-tvOS/Info.plist";
				LD_RUNPATH_SEARCH_PATHS = "$(inherited) @executable_path/Frameworks";
				OTHER_LDFLAGS = (
					"$(inherited)",
					"-ObjC",
					"-lc++",
				);
				PRODUCT_BUNDLE_IDENTIFIER = "org.reactjs.native.example.Hostess-tvOS";
				PRODUCT_NAME = "$(TARGET_NAME)";
				SDKROOT = appletvos;
				TARGETED_DEVICE_FAMILY = 3;
				TVOS_DEPLOYMENT_TARGET = 10.0;
			};
			name = Release;
		};
		2D02E4991E0B4A5E006451C7 /* Debug */ = {
			isa = XCBuildConfiguration;
			baseConfigurationReference = D7778FB32D8D498B022F5BC1 /* Pods-Hostess-tvOSTests.debug.xcconfig */;
			buildSettings = {
				BUNDLE_LOADER = "$(TEST_HOST)";
				CLANG_ANALYZER_NONNULL = YES;
				CLANG_WARN_DOCUMENTATION_COMMENTS = YES;
				CLANG_WARN_INFINITE_RECURSION = YES;
				CLANG_WARN_SUSPICIOUS_MOVE = YES;
				DEBUG_INFORMATION_FORMAT = dwarf;
				ENABLE_TESTABILITY = YES;
				GCC_NO_COMMON_BLOCKS = YES;
				INFOPLIST_FILE = "Hostess-tvOSTests/Info.plist";
				LD_RUNPATH_SEARCH_PATHS = "$(inherited) @executable_path/Frameworks @loader_path/Frameworks";
				OTHER_LDFLAGS = (
					"$(inherited)",
					"-ObjC",
					"-lc++",
				);
				PRODUCT_BUNDLE_IDENTIFIER = "org.reactjs.native.example.Hostess-tvOSTests";
				PRODUCT_NAME = "$(TARGET_NAME)";
				SDKROOT = appletvos;
				TEST_HOST = "$(BUILT_PRODUCTS_DIR)/Hostess-tvOS.app/Hostess-tvOS";
				TVOS_DEPLOYMENT_TARGET = 10.1;
			};
			name = Debug;
		};
		2D02E49A1E0B4A5E006451C7 /* Release */ = {
			isa = XCBuildConfiguration;
			baseConfigurationReference = C32132DD8A78D6C95387B830 /* Pods-Hostess-tvOSTests.release.xcconfig */;
			buildSettings = {
				BUNDLE_LOADER = "$(TEST_HOST)";
				CLANG_ANALYZER_NONNULL = YES;
				CLANG_WARN_DOCUMENTATION_COMMENTS = YES;
				CLANG_WARN_INFINITE_RECURSION = YES;
				CLANG_WARN_SUSPICIOUS_MOVE = YES;
				COPY_PHASE_STRIP = NO;
				DEBUG_INFORMATION_FORMAT = "dwarf-with-dsym";
				GCC_NO_COMMON_BLOCKS = YES;
				INFOPLIST_FILE = "Hostess-tvOSTests/Info.plist";
				LD_RUNPATH_SEARCH_PATHS = "$(inherited) @executable_path/Frameworks @loader_path/Frameworks";
				OTHER_LDFLAGS = (
					"$(inherited)",
					"-ObjC",
					"-lc++",
				);
				PRODUCT_BUNDLE_IDENTIFIER = "org.reactjs.native.example.Hostess-tvOSTests";
				PRODUCT_NAME = "$(TARGET_NAME)";
				SDKROOT = appletvos;
				TEST_HOST = "$(BUILT_PRODUCTS_DIR)/Hostess-tvOS.app/Hostess-tvOS";
				TVOS_DEPLOYMENT_TARGET = 10.1;
			};
			name = Release;
		};
		83CBBA201A601CBA00E9B192 /* Debug */ = {
			isa = XCBuildConfiguration;
			buildSettings = {
				ALWAYS_SEARCH_USER_PATHS = NO;
				CLANG_ANALYZER_LOCALIZABILITY_NONLOCALIZED = YES;
				CLANG_CXX_LANGUAGE_STANDARD = "gnu++0x";
				CLANG_CXX_LIBRARY = "libc++";
				CLANG_ENABLE_MODULES = YES;
				CLANG_ENABLE_OBJC_ARC = YES;
				CLANG_WARN_BLOCK_CAPTURE_AUTORELEASING = YES;
				CLANG_WARN_BOOL_CONVERSION = YES;
				CLANG_WARN_COMMA = YES;
				CLANG_WARN_CONSTANT_CONVERSION = YES;
				CLANG_WARN_DEPRECATED_OBJC_IMPLEMENTATIONS = YES;
				CLANG_WARN_DIRECT_OBJC_ISA_USAGE = YES_ERROR;
				CLANG_WARN_EMPTY_BODY = YES;
				CLANG_WARN_ENUM_CONVERSION = YES;
				CLANG_WARN_INFINITE_RECURSION = YES;
				CLANG_WARN_INT_CONVERSION = YES;
				CLANG_WARN_NON_LITERAL_NULL_CONVERSION = YES;
				CLANG_WARN_OBJC_IMPLICIT_RETAIN_SELF = YES;
				CLANG_WARN_OBJC_LITERAL_CONVERSION = YES;
				CLANG_WARN_OBJC_ROOT_CLASS = YES_ERROR;
				CLANG_WARN_RANGE_LOOP_ANALYSIS = YES;
				CLANG_WARN_STRICT_PROTOTYPES = YES;
				CLANG_WARN_SUSPICIOUS_MOVE = YES;
				CLANG_WARN_UNREACHABLE_CODE = YES;
				CLANG_WARN__DUPLICATE_METHOD_MATCH = YES;
				"CODE_SIGN_IDENTITY[sdk=iphoneos*]" = "iPhone Developer";
				COPY_PHASE_STRIP = NO;
				ENABLE_STRICT_OBJC_MSGSEND = YES;
				ENABLE_TESTABILITY = YES;
				GCC_C_LANGUAGE_STANDARD = gnu99;
				GCC_DYNAMIC_NO_PIC = NO;
				GCC_NO_COMMON_BLOCKS = YES;
				GCC_OPTIMIZATION_LEVEL = 0;
				GCC_PREPROCESSOR_DEFINITIONS = (
					"DEBUG=1",
					"$(inherited)",
				);
				GCC_SYMBOLS_PRIVATE_EXTERN = NO;
				GCC_WARN_64_TO_32_BIT_CONVERSION = YES;
				GCC_WARN_ABOUT_RETURN_TYPE = YES_ERROR;
				GCC_WARN_UNDECLARED_SELECTOR = YES;
				GCC_WARN_UNINITIALIZED_AUTOS = YES_AGGRESSIVE;
				GCC_WARN_UNUSED_FUNCTION = YES;
				GCC_WARN_UNUSED_VARIABLE = YES;
				IPHONEOS_DEPLOYMENT_TARGET = 10.0;
				LD_RUNPATH_SEARCH_PATHS = "/usr/lib/swift $(inherited)";
				LIBRARY_SEARCH_PATHS = (
					"\"$(TOOLCHAIN_DIR)/usr/lib/swift/$(PLATFORM_NAME)\"",
					"\"$(TOOLCHAIN_DIR)/usr/lib/swift-5.0/$(PLATFORM_NAME)\"",
					"\"$(inherited)\"",
				);
				MTL_ENABLE_DEBUG_INFO = YES;
				ONLY_ACTIVE_ARCH = YES;
				SDKROOT = iphoneos;
			};
			name = Debug;
		};
		83CBBA211A601CBA00E9B192 /* Release */ = {
			isa = XCBuildConfiguration;
			buildSettings = {
				ALWAYS_SEARCH_USER_PATHS = NO;
				CLANG_ANALYZER_LOCALIZABILITY_NONLOCALIZED = YES;
				CLANG_CXX_LANGUAGE_STANDARD = "gnu++0x";
				CLANG_CXX_LIBRARY = "libc++";
				CLANG_ENABLE_MODULES = YES;
				CLANG_ENABLE_OBJC_ARC = YES;
				CLANG_WARN_BLOCK_CAPTURE_AUTORELEASING = YES;
				CLANG_WARN_BOOL_CONVERSION = YES;
				CLANG_WARN_COMMA = YES;
				CLANG_WARN_CONSTANT_CONVERSION = YES;
				CLANG_WARN_DEPRECATED_OBJC_IMPLEMENTATIONS = YES;
				CLANG_WARN_DIRECT_OBJC_ISA_USAGE = YES_ERROR;
				CLANG_WARN_EMPTY_BODY = YES;
				CLANG_WARN_ENUM_CONVERSION = YES;
				CLANG_WARN_INFINITE_RECURSION = YES;
				CLANG_WARN_INT_CONVERSION = YES;
				CLANG_WARN_NON_LITERAL_NULL_CONVERSION = YES;
				CLANG_WARN_OBJC_IMPLICIT_RETAIN_SELF = YES;
				CLANG_WARN_OBJC_LITERAL_CONVERSION = YES;
				CLANG_WARN_OBJC_ROOT_CLASS = YES_ERROR;
				CLANG_WARN_RANGE_LOOP_ANALYSIS = YES;
				CLANG_WARN_STRICT_PROTOTYPES = YES;
				CLANG_WARN_SUSPICIOUS_MOVE = YES;
				CLANG_WARN_UNREACHABLE_CODE = YES;
				CLANG_WARN__DUPLICATE_METHOD_MATCH = YES;
				"CODE_SIGN_IDENTITY[sdk=iphoneos*]" = "iPhone Developer";
				COPY_PHASE_STRIP = YES;
				ENABLE_NS_ASSERTIONS = NO;
				ENABLE_STRICT_OBJC_MSGSEND = YES;
				GCC_C_LANGUAGE_STANDARD = gnu99;
				GCC_NO_COMMON_BLOCKS = YES;
				GCC_WARN_64_TO_32_BIT_CONVERSION = YES;
				GCC_WARN_ABOUT_RETURN_TYPE = YES_ERROR;
				GCC_WARN_UNDECLARED_SELECTOR = YES;
				GCC_WARN_UNINITIALIZED_AUTOS = YES_AGGRESSIVE;
				GCC_WARN_UNUSED_FUNCTION = YES;
				GCC_WARN_UNUSED_VARIABLE = YES;
				IPHONEOS_DEPLOYMENT_TARGET = 10.0;
				LD_RUNPATH_SEARCH_PATHS = "/usr/lib/swift $(inherited)";
				LIBRARY_SEARCH_PATHS = (
					"\"$(TOOLCHAIN_DIR)/usr/lib/swift/$(PLATFORM_NAME)\"",
					"\"$(TOOLCHAIN_DIR)/usr/lib/swift-5.0/$(PLATFORM_NAME)\"",
					"\"$(inherited)\"",
				);
				MTL_ENABLE_DEBUG_INFO = NO;
				SDKROOT = iphoneos;
				VALIDATE_PRODUCT = YES;
			};
			name = Release;
		};
/* End XCBuildConfiguration section */

/* Begin XCConfigurationList section */
		00E357021AD99517003FC87E /* Build configuration list for PBXNativeTarget "HostessTests" */ = {
			isa = XCConfigurationList;
			buildConfigurations = (
				00E356F61AD99517003FC87E /* Debug */,
				00E356F71AD99517003FC87E /* Release */,
			);
			defaultConfigurationIsVisible = 0;
			defaultConfigurationName = Release;
		};
		13B07F931A680F5B00A75B9A /* Build configuration list for PBXNativeTarget "Hostess" */ = {
			isa = XCConfigurationList;
			buildConfigurations = (
				13B07F941A680F5B00A75B9A /* Debug */,
				13B07F951A680F5B00A75B9A /* Release */,
			);
			defaultConfigurationIsVisible = 0;
			defaultConfigurationName = Release;
		};
		2D02E4BA1E0B4A5E006451C7 /* Build configuration list for PBXNativeTarget "Hostess-tvOS" */ = {
			isa = XCConfigurationList;
			buildConfigurations = (
				2D02E4971E0B4A5E006451C7 /* Debug */,
				2D02E4981E0B4A5E006451C7 /* Release */,
			);
			defaultConfigurationIsVisible = 0;
			defaultConfigurationName = Release;
		};
		2D02E4BB1E0B4A5E006451C7 /* Build configuration list for PBXNativeTarget "Hostess-tvOSTests" */ = {
			isa = XCConfigurationList;
			buildConfigurations = (
				2D02E4991E0B4A5E006451C7 /* Debug */,
				2D02E49A1E0B4A5E006451C7 /* Release */,
			);
			defaultConfigurationIsVisible = 0;
			defaultConfigurationName = Release;
		};
		83CBB9FA1A601CBA00E9B192 /* Build configuration list for PBXProject "Hostess" */ = {
			isa = XCConfigurationList;
			buildConfigurations = (
				83CBBA201A601CBA00E9B192 /* Debug */,
				83CBBA211A601CBA00E9B192 /* Release */,
			);
			defaultConfigurationIsVisible = 0;
			defaultConfigurationName = Release;
		};
/* End XCConfigurationList section */
	};
	rootObject = 83CBB9F71A601CBA00E9B192 /* Project object */;
}
